<Solution>
  <Project Path="Core.Abstractions/Core.Abstractions.csproj" />
  <Project Path="Core.Application/Core.Application.csproj" Id="ff264008-a99d-43f6-9350-e7de8bd49e73" />
  <Project Path="Core.Cqrs/Core.Cqrs.csproj" Id="d9b2b88f-b90b-4955-97cd-6012c0263fff" />
  <Project Path="Core.CrossCuttingConcerns.Exceptions/Core.CrossCuttingConcerns.Exceptions.csproj" Id="9145e140-0260-4d79-80c7-70b82ed91333" />
  <Project Path="Core.Domain/Core.Domain.csproj" />
  <Project Path="Core.ElasticSearch/Core.ElasticSearch.csproj" Id="44c0997d-555d-431d-b913-9e5993380992" />
  <Project Path="Core.Events/Core.Events.csproj" Id="49edc440-7fb8-4dae-bf90-fd121f54a293" />
  <Project Path="Core.Extensions/Core.Extensions.csproj" Id="30e73b95-b4eb-4d45-8cfe-56323c2ef18b" />
  <Project Path="Core.Mailing/Core.Mailing.csproj" Id="1cf803ef-448f-4153-9439-ba93b03b25fe" />
  <Project Path="Core.Messaging.Postgres/Core.Messaging.Postgres.csproj" Id="d3abf627-a2f6-4bb6-b72e-4f5218f8f602" />
  <Project Path="Core.Messaging.Transport.RabbitMq/Core.Messaging.Transport.RabbitMq.csproj" Id="1865df2a-2268-44b3-9ff3-d3f9b23885dc" />
  <Project Path="Core.Messaging/Core.Messaging.csproj" Id="843c271c-292f-42fb-a883-52137e95ccb0" />
  <Project Path="Core.Persistence/Core.Persistence.csproj" />
  <Project Path="Core.Resiliency/Core.Resiliency.csproj" Id="25c2751b-2483-4680-9f32-5d37b2690656" />
  <Project Path="Core.Security.Domain/Core.Security.Domain.csproj" Id="51418084-fc4e-4aa9-8865-3e9c50af51ba" />
  <Project Path="Core.Security.EmailAuthenticator/Core.Security.EmailAuthenticator.csproj" Id="ca537908-a6f6-4f29-be21-1d16cec00eaa" />
  <Project Path="Core.Security.Encryption/Core.Security.Encryption.csproj" Id="d9ecebb7-a09b-48ae-8e47-7eb7416e275c" />
  <Project Path="Core.Security.Extensions/Core.Security.Extensions.csproj" Id="d48da228-5ad1-443b-9661-293eb0c65d05" />
  <Project Path="Core.Security.Hashing/Core.Security.Hashing.csproj" Id="f9255202-3e5b-469f-9a00-363540a2495c" />
  <Project Path="Core.Security.Jwt/Core.Security.Jwt.csproj" Id="18071d17-0ecb-42ad-a010-7f47c48cf96c" />
  <Project Path="Core.Security.Redis/Core.Security.Redis.csproj" Id="1cf65487-6522-4804-8738-81bd4b8c5827" />
  <Project Path="Core.WebApi/Core.WebApi.csproj" Id="2b0e66b6-8601-49e6-9e5c-b541051ff854" />
</Solution>
